// !$*UTF8*$!
{
	archiveVersion = 1;
	classes = {
	};
	objectVersion = 56;
	objects = {

/* Begin PBXBuildFile section */
		A4F1C0012D71E0C70018C001 /* Config.plist in Resources */ = {isa = PBXBuildFile; fileRef = A4F1C0042D71E0C70018C001 /* Config.plist */; };
		A4F1C0022D71E0C70018C001 /* AppConfig.swift in Sources */ = {isa = PBXBuildFile; fileRef = A4F1C0052D71E0C70018C001 /* AppConfig.swift */; };
		A4F1C0032D71E0C70018C001 /* SDOpenAIClient in Frameworks */ = {isa = PBXBuildFile; productRef = A4F1C0062D71E0C70018C001 /* SDOpenAIClient */; };
		A329938A299169A40016F387 /* KrishnaGPTApp.swift in Sources */ = {isa = PBXBuildFile; fileRef = A3299389299169A40016F387 /* KrishnaGPTApp.swift */; };
		A329938C299169A40016F387 /* ContentView.swift in Sources */ = {isa = PBXBuildFile; fileRef = A329938B299169A40016F387 /* ContentView.swift */; };
		A329938E299169A60016F387 /* Assets.xcassets in Resources */ = {isa = PBXBuildFile; fileRef = A329938D299169A60016F387 /* Assets.xcassets */; };
		A3299391299169A60016F387 /* Preview Assets.xcassets in Resources */ = {isa = PBXBuildFile; fileRef = A3299390299169A60016F387 /* Preview Assets.xcassets */; };
		A33EF7912992CD5B009189B9 /* ChatGPTViewModel.swift in Sources */ = {isa = PBXBuildFile; fileRef = A33EF7902992CD5B009189B9 /* ChatGPTViewModel.swift */; };
		A33EF7952992D651009189B9 /* ChatGPTAPI.swift in Sources */ = {isa = PBXBuildFile; fileRef = A33EF7942992D651009189B9 /* ChatGPTAPI.swift */; };
		A350AC1729940EE9003632B3 /* LanguageType.swift in Sources */ = {isa = PBXBuildFile; fileRef = A350AC1629940EE9003632B3 /* LanguageType.swift */; };
		A3A4EAB62993645D00B1F473 /* ScanButton.swift in Sources */ = {isa = PBXBuildFile; fileRef = A3A4EAB52993645D00B1F473 /* ScanButton.swift */; };
		A3EEC3F829932E5B00B376B8 /* MessageRow.swift in Sources */ = {isa = PBXBuildFile; fileRef = A3EEC3F729932E5B00B376B8 /* MessageRow.swift */; };
		A3EEC3FA2993349100B376B8 /* DotsLoadingView.swift in Sources */ = {isa = PBXBuildFile; fileRef = A3EEC3F92993349100B376B8 /* DotsLoadingView.swift */; };
		A3EEC3FC299337A700B376B8 /* MessageRowView.swift in Sources */ = {isa = PBXBuildFile; fileRef = A3EEC3FB299337A700B376B8 /* MessageRowView.swift */; };
		A3EEC3FE2993531600B376B8 /* MessageRowImageView.swift in Sources */ = {isa = PBXBuildFile; fileRef = A3EEC3FD2993531600B376B8 /* MessageRowImageView.swift */; };
/* End PBXBuildFile section */

/* Begin PBXFileReference section */
		A4F1C0042D71E0C70018C001 /* Config.plist */ = {isa = PBXFileReference; lastKnownFileType = text.plist.xml; path = Config.plist; sourceTree = "<group>"; };
		A4F1C0052D71E0C70018C001 /* AppConfig.swift */ = {isa = PBXFileReference; lastKnownFileType = sourcecode.swift; path = AppConfig.swift; sourceTree = "<group>"; };
		A3299386299169A40016F387 /* KrishnaGPT.app */ = {isa = PBXFileReference; explicitFileType = wrapper.application; includeInIndex = 0; path = KrishnaGPT.app; sourceTree = BUILT_PRODUCTS_DIR; };
		A3299389299169A40016F387 /* KrishnaGPTApp.swift */ = {isa = PBXFileReference; lastKnownFileType = sourcecode.swift; path = KrishnaGPTApp.swift; sourceTree = "<group>"; };
		A329938B299169A40016F387 /* ContentView.swift */ = {isa = PBXFileReference; lastKnownFileType = sourcecode.swift; path = ContentView.swift; sourceTree = "<group>"; };
		A329938D299169A60016F387 /* Assets.xcassets */ = {isa = PBXFileReference; lastKnownFileType = folder.assetcatalog; path = Assets.xcassets; sourceTree = "<group>"; };
		A3299390299169A60016F387 /* Preview Assets.xcassets */ = {isa = PBXFileReference; lastKnownFileType = folder.assetcatalog; path = "Preview Assets.xcassets"; sourceTree = "<group>"; };
		A33EF7902992CD5B009189B9 /* ChatGPTViewModel.swift */ = {isa = PBXFileReference; lastKnownFileType = sourcecode.swift; path = ChatGPTViewModel.swift; sourceTree = "<group>"; };
		A33EF7942992D651009189B9 /* ChatGPTAPI.swift */ = {isa = PBXFileReference; lastKnownFileType = sourcecode.swift; path = ChatGPTAPI.swift; sourceTree = "<group>"; };
		A350AC1629940EE9003632B3 /* LanguageType.swift */ = {isa = PBXFileReference; lastKnownFileType = sourcecode.swift; path = LanguageType.swift; sourceTree = "<group>"; };
		A3A4EAB52993645D00B1F473 /* ScanButton.swift */ = {isa = PBXFileReference; lastKnownFileType = sourcecode.swift; path = ScanButton.swift; sourceTree = "<group>"; };
		A3EEC3F729932E5B00B376B8 /* MessageRow.swift */ = {isa = PBXFileReference; lastKnownFileType = sourcecode.swift; path = MessageRow.swift; sourceTree = "<group>"; };
		A3EEC3F92993349100B376B8 /* DotsLoadingView.swift */ = {isa = PBXFileReference; lastKnownFileType = sourcecode.swift; path = DotsLoadingView.swift; sourceTree = "<group>"; };
		A3EEC3FB299337A700B376B8 /* MessageRowView.swift */ = {isa = PBXFileReference; lastKnownFileType = sourcecode.swift; path = MessageRowView.swift; sourceTree = "<group>"; };
		A3EEC3FD2993531600B376B8 /* MessageRowImageView.swift */ = {isa = PBXFileReference; lastKnownFileType = sourcecode.swift; path = MessageRowImageView.swift; sourceTree = "<group>"; };
/* End PBXFileReference section */

/* Begin PBXFrameworksBuildPhase section */
		A3299383299169A40016F387 /* Frameworks */ = {
			isa = PBXFrameworksBuildPhase;
			buildActionMask = 2147483647;
			files = (
				A4F1C0032D71E0C70018C001 /* SDOpenAIClient in Frameworks */,
			);
			runOnlyForDeploymentPostprocessing = 0;
		};
/* End PBXFrameworksBuildPhase section */

/* Begin PBXGroup section */
		A329937D299169A40016F387 = {
			isa = PBXGroup;
			children = (
				A3299388299169A40016F387 /* KrishnaGPT */,
				A3299387299169A40016F387 /* Products */,
			);
			sourceTree = "<group>";
		};
		A3299387299169A40016F387 /* Products */ = {
			isa = PBXGroup;
			children = (
				A3299386299169A40016F387 /* KrishnaGPT.app */,
			);
			name = Products;
			sourceTree = "<group>";
		};
		A3299388299169A40016F387 /* KrishnaGPT */ = {
			isa = PBXGroup;
			children = (
				A33EF7992992E922009189B9 /* App */,
				A33EF7962992E309009189B9 /* Model */,
				A33EF7932992D63B009189B9 /* Networking */,
				A33EF7922992CF56009189B9 /* View */,
				A33EF78F2992CD3A009189B9 /* ViewModel */,
				A329938D299169A60016F387 /* Assets.xcassets */,
				A329938F299169A60016F387 /* Preview Content */,
			);
			path = KrishnaGPT;
			sourceTree = "<group>";
		};
		A329938F299169A60016F387 /* Preview Content */ = {
			isa = PBXGroup;
			children = (
				A3299390299169A60016F387 /* Preview Assets.xcassets */,
			);
			path = "Preview Content";
			sourceTree = "<group>";
		};
		A33EF78F2992CD3A009189B9 /* ViewModel */ = {
			isa = PBXGroup;
			children = (
				A33EF7902992CD5B009189B9 /* ChatGPTViewModel.swift */,
			);
			path = ViewModel;
			sourceTree = "<group>";
		};
		A33EF7922992CF56009189B9 /* View */ = {
			isa = PBXGroup;
			children = (
				A329938B299169A40016F387 /* ContentView.swift */,
				A3EEC3F92993349100B376B8 /* DotsLoadingView.swift */,
				A3EEC3FB299337A700B376B8 /* MessageRowView.swift */,
				A3EEC3FD2993531600B376B8 /* MessageRowImageView.swift */,
				A3A4EAB52993645D00B1F473 /* ScanButton.swift */,
			);
			path = View;
			sourceTree = "<group>";
		};
		A33EF7932992D63B009189B9 /* Networking */ = {
			isa = PBXGroup;
			children = (
				A33EF7942992D651009189B9 /* ChatGPTAPI.swift */,
			);
			path = Networking;
			sourceTree = "<group>";
		};
		A33EF7962992E309009189B9 /* Model */ = {
			isa = PBXGroup;
			children = (
				A3EEC3F729932E5B00B376B8 /* MessageRow.swift */,
				A350AC1629940EE9003632B3 /* LanguageType.swift */,
			);
			path = Model;
			sourceTree = "<group>";
		};
		A33EF7992992E922009189B9 /* App */ = {
			isa = PBXGroup;
			children = (
				A4F1C0052D71E0C70018C001 /* AppConfig.swift */,
				A4F1C0042D71E0C70018C001 /* Config.plist */,
				A3299389299169A40016F387 /* KrishnaGPTApp.swift */,
			);
			path = App;
			sourceTree = "<group>";
		};
/* End PBXGroup section */

/* Begin PBXNativeTarget section */
		A3299385299169A40016F387 /* KrishnaGPT */ = {
			isa = PBXNativeTarget;
			buildConfigurationList = A3299394299169A60016F387 /* Build configuration list for PBXNativeTarget "KrishnaGPT" */;
			buildPhases = (
				A3299382299169A40016F387 /* Sources */,
				A3299383299169A40016F387 /* Frameworks */,
				A3299384299169A40016F387 /* Resources */,
			);
			buildRules = (
			);
			dependencies = (
			);
			name = KrishnaGPT;
			packageProductDependencies = (
				A4F1C0062D71E0C70018C001 /* SDOpenAIClient */,
			);
			productName = ScannerGPT;
			productReference = A3299386299169A40016F387 /* KrishnaGPT.app */;
			productType = "com.apple.product-type.application";
		};
/* End PBXNativeTarget section */

/* Begin XCSwiftPackageProductDependency section */
		A4F1C0062D71E0C70018C001 /* SDOpenAIClient */ = {
			isa = XCSwiftPackageProductDependency;
			package = A4F1C0072D71E0C70018C001 /* XCRemoteSwiftPackageReference "SDOpenAIClientKit" */;
			productName = SDOpenAIClient;
		};
/* End XCSwiftPackageProductDependency section */

/* Begin PBXProject section */
		A329937E299169A40016F387 /* Project object */ = {
			isa = PBXProject;
			attributes = {
				BuildIndependentTargetsInParallel = 1;
				LastSwiftUpdateCheck = 1420;
				LastUpgradeCheck = 1420;
				TargetAttributes = {
					A3299385299169A40016F387 = {
						CreatedOnToolsVersion = 14.2;
					};
				};
			};
			buildConfigurationList = A3299381299169A40016F387 /* Build configuration list for PBXProject "KrishnaGPT" */;
			compatibilityVersion = "Xcode 14.0";
			developmentRegion = en;
			hasScannedForEncodings = 0;
			knownRegions = (
				en,
				Base,
			);
			mainGroup = A329937D299169A40016F387;
			packageReferences = (
				A4F1C0072D71E0C70018C001 /* XCRemoteSwiftPackageReference "SDOpenAIClientKit" */,
			);
			productRefGroup = A3299387299169A40016F387 /* Products */;
			projectDirPath = "";
			projectRoot = "";
			targets = (
				A3299385299169A40016F387 /* KrishnaGPT */,
			);
		};
/* End PBXProject section */

/* Begin PBXResourcesBuildPhase section */
		A3299384299169A40016F387 /* Resources */ = {
			isa = PBXResourcesBuildPhase;
			buildActionMask = 2147483647;
			files = (
				A4F1C0012D71E0C70018C001 /* Config.plist in Resources */,
				A3299391299169A60016F387 /* Preview Assets.xcassets in Resources */,
				A329938E299169A60016F387 /* Assets.xcassets in Resources */,
			);
			runOnlyForDeploymentPostprocessing = 0;
		};
/* End PBXResourcesBuildPhase section */

/* Begin PBXSourcesBuildPhase section */
		A3299382299169A40016F387 /* Sources */ = {
			isa = PBXSourcesBuildPhase;
			buildActionMask = 2147483647;
			files = (
				A4F1C0022D71E0C70018C001 /* AppConfig.swift in Sources */,
				A3A4EAB62993645D00B1F473 /* ScanButton.swift in Sources */,
				A33EF7952992D651009189B9 /* ChatGPTAPI.swift in Sources */,
				A329938C299169A40016F387 /* ContentView.swift in Sources */,
				A3EEC3F829932E5B00B376B8 /* MessageRow.swift in Sources */,
				A3EEC3FE2993531600B376B8 /* MessageRowImageView.swift in Sources */,
				A33EF7912992CD5B009189B9 /* ChatGPTViewModel.swift in Sources */,
				A3EEC3FA2993349100B376B8 /* DotsLoadingView.swift in Sources */,
				A329938A299169A40016F387 /* KrishnaGPTApp.swift in Sources */,
				A3EEC3FC299337A700B376B8 /* MessageRowView.swift in Sources */,
				A350AC1729940EE9003632B3 /* LanguageType.swift in Sources */,
			);
			runOnlyForDeploymentPostprocessing = 0;
		};
/* End PBXSourcesBuildPhase section */

/* Begin XCRemoteSwiftPackageReference section */
		A4F1C0072D71E0C70018C001 /* XCRemoteSwiftPackageReference "SDOpenAIClientKit" */ = {
			isa = XCRemoteSwiftPackageReference;
			repositoryURL = "https://github.com/saurabhdave/SDOpenAIClientKit.git";
			requirement = {
				branch = main;
				kind = branch;
			};
		};
/* End XCRemoteSwiftPackageReference section */

/* Begin XCBuildConfiguration section */
		A3299392299169A60016F387 /* Debug */ = {
			isa = XCBuildConfiguration;
			buildSettings = {
				ALWAYS_SEARCH_USER_PATHS = NO;
				CLANG_ANALYZER_NONNULL = YES;
				CLANG_ANALYZER_NUMBER_OBJECT_CONVERSION = YES_AGGRESSIVE;
				CLANG_CXX_LANGUAGE_STANDARD = "gnu++20";
				CLANG_ENABLE_MODULES = YES;
				CLANG_ENABLE_OBJC_ARC = YES;
				CLANG_ENABLE_OBJC_WEAK = YES;
				CLANG_WARN_BLOCK_CAPTURE_AUTORELEASING = YES;
				CLANG_WARN_BOOL_CONVERSION = YES;
				CLANG_WARN_COMMA = YES;
				CLANG_WARN_CONSTANT_CONVERSION = YES;
				CLANG_WARN_DEPRECATED_OBJC_IMPLEMENTATIONS = YES;
				CLANG_WARN_DIRECT_OBJC_ISA_USAGE = YES_ERROR;
				CLANG_WARN_DOCUMENTATION_COMMENTS = YES;
				CLANG_WARN_EMPTY_BODY = YES;
				CLANG_WARN_ENUM_CONVERSION = YES;
				CLANG_WARN_INFINITE_RECURSION = YES;
				CLANG_WARN_INT_CONVERSION = YES;
				CLANG_WARN_NON_LITERAL_NULL_CONVERSION = YES;
				CLANG_WARN_OBJC_IMPLICIT_RETAIN_SELF = YES;
				CLANG_WARN_OBJC_LITERAL_CONVERSION = YES;
				CLANG_WARN_OBJC_ROOT_CLASS = YES_ERROR;
				CLANG_WARN_QUOTED_INCLUDE_IN_FRAMEWORK_HEADER = YES;
				CLANG_WARN_RANGE_LOOP_ANALYSIS = YES;
				CLANG_WARN_STRICT_PROTOTYPES = YES;
				CLANG_WARN_SUSPICIOUS_MOVE = YES;
				CLANG_WARN_UNGUARDED_AVAILABILITY = YES_AGGRESSIVE;
				CLANG_WARN_UNREACHABLE_CODE = YES;
				CLANG_WARN__DUPLICATE_METHOD_MATCH = YES;
				COPY_PHASE_STRIP = NO;
				DEBUG_INFORMATION_FORMAT = dwarf;
				ENABLE_STRICT_OBJC_MSGSEND = YES;
				ENABLE_TESTABILITY = YES;
				GCC_C_LANGUAGE_STANDARD = gnu11;
				GCC_DYNAMIC_NO_PIC = NO;
				GCC_NO_COMMON_BLOCKS = YES;
				GCC_OPTIMIZATION_LEVEL = 0;
				GCC_PREPROCESSOR_DEFINITIONS = (
					"DEBUG=1",
					"$(inherited)",
				);
				GCC_WARN_64_TO_32_BIT_CONVERSION = YES;
				GCC_WARN_ABOUT_RETURN_TYPE = YES_ERROR;
				GCC_WARN_UNDECLARED_SELECTOR = YES;
				GCC_WARN_UNINITIALIZED_AUTOS = YES_AGGRESSIVE;
				GCC_WARN_UNUSED_FUNCTION = YES;
				GCC_WARN_UNUSED_VARIABLE = YES;
				IPHONEOS_DEPLOYMENT_TARGET = 16.2;
				MTL_ENABLE_DEBUG_INFO = INCLUDE_SOURCE;
				MTL_FAST_MATH = YES;
				ONLY_ACTIVE_ARCH = YES;
				SDKROOT = iphoneos;
				SWIFT_ACTIVE_COMPILATION_CONDITIONS = DEBUG;
				SWIFT_OPTIMIZATION_LEVEL = "-Onone";
			};
			name = Debug;
		};
		A3299393299169A60016F387 /* Release */ = {
			isa = XCBuildConfiguration;
			buildSettings = {
				ALWAYS_SEARCH_USER_PATHS = NO;
				CLANG_ANALYZER_NONNULL = YES;
				CLANG_ANALYZER_NUMBER_OBJECT_CONVERSION = YES_AGGRESSIVE;
				CLANG_CXX_LANGUAGE_STANDARD = "gnu++20";
				CLANG_ENABLE_MODULES = YES;
				CLANG_ENABLE_OBJC_ARC = YES;
				CLANG_ENABLE_OBJC_WEAK = YES;
				CLANG_WARN_BLOCK_CAPTURE_AUTORELEASING = YES;
				CLANG_WARN_BOOL_CONVERSION = YES;
				CLANG_WARN_COMMA = YES;
				CLANG_WARN_CONSTANT_CONVERSION = YES;
				CLANG_WARN_DEPRECATED_OBJC_IMPLEMENTATIONS = YES;
				CLANG_WARN_DIRECT_OBJC_ISA_USAGE = YES_ERROR;
				CLANG_WARN_DOCUMENTATION_COMMENTS = YES;
				CLANG_WARN_EMPTY_BODY = YES;
				CLANG_WARN_ENUM_CONVERSION = YES;
				CLANG_WARN_INFINITE_RECURSION = YES;
				CLANG_WARN_INT_CONVERSION = YES;
				CLANG_WARN_NON_LITERAL_NULL_CONVERSION = YES;
				CLANG_WARN_OBJC_IMPLICIT_RETAIN_SELF = YES;
				CLANG_WARN_OBJC_LITERAL_CONVERSION = YES;
				CLANG_WARN_OBJC_ROOT_CLASS = YES_ERROR;
				CLANG_WARN_QUOTED_INCLUDE_IN_FRAMEWORK_HEADER = YES;
				CLANG_WARN_RANGE_LOOP_ANALYSIS = YES;
				CLANG_WARN_STRICT_PROTOTYPES = YES;
				CLANG_WARN_SUSPICIOUS_MOVE = YES;
				CLANG_WARN_UNGUARDED_AVAILABILITY = YES_AGGRESSIVE;
				CLANG_WARN_UNREACHABLE_CODE = YES;
				CLANG_WARN__DUPLICATE_METHOD_MATCH = YES;
				COPY_PHASE_STRIP = NO;
				DEBUG_INFORMATION_FORMAT = "dwarf-with-dsym";
				ENABLE_NS_ASSERTIONS = NO;
				ENABLE_STRICT_OBJC_MSGSEND = YES;
				GCC_C_LANGUAGE_STANDARD = gnu11;
				GCC_NO_COMMON_BLOCKS = YES;
				GCC_WARN_64_TO_32_BIT_CONVERSION = YES;
				GCC_WARN_ABOUT_RETURN_TYPE = YES_ERROR;
				GCC_WARN_UNDECLARED_SELECTOR = YES;
				GCC_WARN_UNINITIALIZED_AUTOS = YES_AGGRESSIVE;
				GCC_WARN_UNUSED_FUNCTION = YES;
				GCC_WARN_UNUSED_VARIABLE = YES;
				IPHONEOS_DEPLOYMENT_TARGET = 16.2;
				MTL_ENABLE_DEBUG_INFO = NO;
				MTL_FAST_MATH = YES;
				SDKROOT = iphoneos;
				SWIFT_COMPILATION_MODE = wholemodule;
				SWIFT_OPTIMIZATION_LEVEL = "-O";
				VALIDATE_PRODUCT = YES;
			};
			name = Release;
		};
		A3299395299169A60016F387 /* Debug */ = {
			isa = XCBuildConfiguration;
			buildSettings = {
				ASSETCATALOG_COMPILER_APPICON_NAME = AppIcon;
				ASSETCATALOG_COMPILER_GLOBAL_ACCENT_COLOR_NAME = AccentColor;
				CODE_SIGN_STYLE = Automatic;
				CURRENT_PROJECT_VERSION = 1;
				DEVELOPMENT_ASSET_PATHS = "\"KrishnaGPT/Preview Content\"";
				DEVELOPMENT_TEAM = LJ4XCD8HD3;
				ENABLE_PREVIEWS = YES;
				GENERATE_INFOPLIST_FILE = YES;
				INFOPLIST_KEY_CFBundleDisplayName = KrishnaGPT;
				INFOPLIST_KEY_UIApplicationSceneManifest_Generation = YES;
				INFOPLIST_KEY_UIApplicationSupportsIndirectInputEvents = YES;
				INFOPLIST_KEY_UILaunchScreen_Generation = YES;
				INFOPLIST_KEY_UISupportedInterfaceOrientations_iPad = "UIInterfaceOrientationPortrait UIInterfaceOrientationPortraitUpsideDown UIInterfaceOrientationLandscapeLeft UIInterfaceOrientationLandscapeRight";
				INFOPLIST_KEY_UISupportedInterfaceOrientations_iPhone = "UIInterfaceOrientationPortrait UIInterfaceOrientationLandscapeLeft UIInterfaceOrientationLandscapeRight";
				LD_RUNPATH_SEARCH_PATHS = (
					"$(inherited)",
					"@executable_path/Frameworks",
				);
				MARKETING_VERSION = 1.0;
				PRODUCT_BUNDLE_IDENTIFIER = com.dave.saurabh.KrishnaGPT;
				PRODUCT_NAME = "$(TARGET_NAME)";
				SWIFT_EMIT_LOC_STRINGS = YES;
				SWIFT_VERSION = 5.0;
				TARGETED_DEVICE_FAMILY = "1,2";
			};
			name = Debug;
		};
		A3299396299169A60016F387 /* Release */ = {
			isa = XCBuildConfiguration;
			buildSettings = {
				ASSETCATALOG_COMPILER_APPICON_NAME = AppIcon;
				ASSETCATALOG_COMPILER_GLOBAL_ACCENT_COLOR_NAME = AccentColor;
				CODE_SIGN_STYLE = Automatic;
				CURRENT_PROJECT_VERSION = 1;
				DEVELOPMENT_ASSET_PATHS = "\"KrishnaGPT/Preview Content\"";
				DEVELOPMENT_TEAM = LJ4XCD8HD3;
				ENABLE_PREVIEWS = YES;
				GENERATE_INFOPLIST_FILE = YES;
				INFOPLIST_KEY_CFBundleDisplayName = KrishnaGPT;
				INFOPLIST_KEY_UIApplicationSceneManifest_Generation = YES;
				INFOPLIST_KEY_UIApplicationSupportsIndirectInputEvents = YES;
				INFOPLIST_KEY_UILaunchScreen_Generation = YES;
				INFOPLIST_KEY_UISupportedInterfaceOrientations_iPad = "UIInterfaceOrientationPortrait UIInterfaceOrientationPortraitUpsideDown UIInterfaceOrientationLandscapeLeft UIInterfaceOrientationLandscapeRight";
				INFOPLIST_KEY_UISupportedInterfaceOrientations_iPhone = "UIInterfaceOrientationPortrait UIInterfaceOrientationLandscapeLeft UIInterfaceOrientationLandscapeRight";
				LD_RUNPATH_SEARCH_PATHS = (
					"$(inherited)",
					"@executable_path/Frameworks",
				);
				MARKETING_VERSION = 1.0;
				PRODUCT_BUNDLE_IDENTIFIER = com.dave.saurabh.KrishnaGPT;
				PRODUCT_NAME = "$(TARGET_NAME)";
				SWIFT_EMIT_LOC_STRINGS = YES;
				SWIFT_VERSION = 5.0;
				TARGETED_DEVICE_FAMILY = "1,2";
			};
			name = Release;
		};
/* End XCBuildConfiguration section */

/* Begin XCConfigurationList section */
		A3299381299169A40016F387 /* Build configuration list for PBXProject "KrishnaGPT" */ = {
			isa = XCConfigurationList;
			buildConfigurations = (
				A3299392299169A60016F387 /* Debug */,
				A3299393299169A60016F387 /* Release */,
			);
			defaultConfigurationIsVisible = 0;
			defaultConfigurationName = Release;
		};
		A3299394299169A60016F387 /* Build configuration list for PBXNativeTarget "KrishnaGPT" */ = {
			isa = XCConfigurationList;
			buildConfigurations = (
				A3299395299169A60016F387 /* Debug */,
				A3299396299169A60016F387 /* Release */,
			);
			defaultConfigurationIsVisible = 0;
			defaultConfigurationName = Release;
		};
/* End XCConfigurationList section */
	};
	rootObject = A329937E299169A40016F387 /* Project object */;
}
